
Microsoft Visual Studio Solution File, Format Version 11.00
# Visual Studio 2010
# SharpDevelop 4.4
Project("{FAE04EC0-301F-11D3-BF4B-00C04F79EFBC}") = "CannBrowser", "CannBrowser.csproj", "{D6F47F56-DC43-49D0-AB81-3C2A8D528589}"
EndProject
Global
	GlobalSection(SolutionConfigurationPlatforms) = preSolution
		Debug|Any CPU = Debug|Any CPU
		Release|Any CPU = Release|Any CPU
	EndGlobalSection
	GlobalSection(ProjectConfigurationPlatforms) = postSolution
		{D6F47F56-DC43-49D0-AB81-3C2A8D528589}.Debug|Any CPU.Build.0 = Debug|Any CPU
		{D6F47F56-DC43-49D0-AB81-3C2A8D528589}.Debug|Any CPU.ActiveCfg = Debug|Any CPU
		{D6F47F56-DC43-49D0-AB81-3C2A8D528589}.Release|Any CPU.Build.0 = Release|Any CPU
		{D6F47F56-DC43-49D0-AB81-3C2A8D528589}.Release|Any CPU.ActiveCfg = Release|Any CPU
	EndGlobalSection
EndGlobal
